
Microsoft Visual Studio Solution File, Format Version 12.00
# Visual Studio Version 17
VisualStudioVersion = 17.13.35931.197
MinimumVisualStudioVersion = 10.0.40219.1
Project("{FAE04EC0-301F-11D3-BF4B-00C04F79EFBC}") = "BeautyApplication", "BeautyApplication\BeautyApplication.csproj", "{AEF92B19-A0DB-4DEF-90A2-350EC4355054}"
EndProject
Project("{FAE04EC0-301F-11D3-BF4B-00C04F79EFBC}") = "BeautyApplication.Tests", "BeautyApplication.Tests\BeautyApplication.Tests.csproj", "{46DEB066-4240-429A-B533-722538C6AD01}"
EndProject
Project("{2150E333-8FDC-42A3-9474-1A3956D46DE8}") = "Solution Items", "Solution Items", "{8EC462FD-D22E-90A8-E5CE-7E832BA40C5D}"
	ProjectSection(SolutionItems) = preProject
		BeautyApplication\bin\Debug\net8.0-windows7.0\salon.db = BeautyApplication\bin\Debug\net8.0-windows7.0\salon.db
	EndProjectSection
EndProject
Project("{930C7802-8A8C-48F9-8165-68863BCCD9DD}") = "BeautyApplication.Setup", "BeautyApplication.Setup\BeautyApplication.Setup.wixproj", "{5DBFE1D3-D8C9-43BE-AD92-5C697E6F5F87}"
EndProject
Global
	GlobalSection(SolutionConfigurationPlatforms) = preSolution
		Debug|Any CPU = Debug|Any CPU
		Debug|x86 = Debug|x86
		Release|Any CPU = Release|Any CPU
		Release|x86 = Release|x86
	EndGlobalSection
	GlobalSection(ProjectConfigurationPlatforms) = postSolution
		{AEF92B19-A0DB-4DEF-90A2-350EC4355054}.Debug|Any CPU.ActiveCfg = Debug|Any CPU
		{AEF92B19-A0DB-4DEF-90A2-350EC4355054}.Debug|Any CPU.Build.0 = Debug|Any CPU
		{AEF92B19-A0DB-4DEF-90A2-350EC4355054}.Debug|x86.ActiveCfg = Debug|Any CPU
		{AEF92B19-A0DB-4DEF-90A2-350EC4355054}.Debug|x86.Build.0 = Debug|Any CPU
		{AEF92B19-A0DB-4DEF-90A2-350EC4355054}.Release|Any CPU.ActiveCfg = Release|Any CPU
		{AEF92B19-A0DB-4DEF-90A2-350EC4355054}.Release|Any CPU.Build.0 = Release|Any CPU
		{AEF92B19-A0DB-4DEF-90A2-350EC4355054}.Release|x86.ActiveCfg = Release|Any CPU
		{AEF92B19-A0DB-4DEF-90A2-350EC4355054}.Release|x86.Build.0 = Release|Any CPU
		{46DEB066-4240-429A-B533-722538C6AD01}.Debug|Any CPU.ActiveCfg = Debug|Any CPU
		{46DEB066-4240-429A-B533-722538C6AD01}.Debug|Any CPU.Build.0 = Debug|Any CPU
		{46DEB066-4240-429A-B533-722538C6AD01}.Debug|x86.ActiveCfg = Debug|Any CPU
		{46DEB066-4240-429A-B533-722538C6AD01}.Debug|x86.Build.0 = Debug|Any CPU
		{46DEB066-4240-429A-B533-722538C6AD01}.Release|Any CPU.ActiveCfg = Release|Any CPU
		{46DEB066-4240-429A-B533-722538C6AD01}.Release|Any CPU.Build.0 = Release|Any CPU
		{46DEB066-4240-429A-B533-722538C6AD01}.Release|x86.ActiveCfg = Release|Any CPU
		{46DEB066-4240-429A-B533-722538C6AD01}.Release|x86.Build.0 = Release|Any CPU
		{5DBFE1D3-D8C9-43BE-AD92-5C697E6F5F87}.Debug|Any CPU.ActiveCfg = Debug|x86
		{5DBFE1D3-D8C9-43BE-AD92-5C697E6F5F87}.Debug|Any CPU.Build.0 = Debug|x86
		{5DBFE1D3-D8C9-43BE-AD92-5C697E6F5F87}.Debug|x86.ActiveCfg = Debug|x86
		{5DBFE1D3-D8C9-43BE-AD92-5C697E6F5F87}.Debug|x86.Build.0 = Debug|x86
		{5DBFE1D3-D8C9-43BE-AD92-5C697E6F5F87}.Release|Any CPU.ActiveCfg = Release|x86
		{5DBFE1D3-D8C9-43BE-AD92-5C697E6F5F87}.Release|Any CPU.Build.0 = Release|x86
		{5DBFE1D3-D8C9-43BE-AD92-5C697E6F5F87}.Release|x86.ActiveCfg = Release|x86
		{5DBFE1D3-D8C9-43BE-AD92-5C697E6F5F87}.Release|x86.Build.0 = Release|x86
	EndGlobalSection
	GlobalSection(SolutionProperties) = preSolution
		HideSolutionNode = FALSE
	EndGlobalSection
	GlobalSection(ExtensibilityGlobals) = postSolution
		SolutionGuid = {BFBF5CA3-43B5-48BC-BBEF-91E45D375016}
	EndGlobalSection
EndGlobal
