
Microsoft Visual Studio Solution File, Format Version 12.00
# Visual Studio Version 17
VisualStudioVersion = 17.13.35931.197 d17.13
MinimumVisualStudioVersion = 10.0.40219.1
Project("{FAE04EC0-301F-11D3-BF4B-00C04F79EFBC}") = "BeautyApplication", "BeautyApplication\BeautyApplication.csproj", "{AEF92B19-A0DB-4DEF-90A2-350EC4355054}"
EndProject
Project("{FAE04EC0-301F-11D3-BF4B-00C04F79EFBC}") = "BeautyApplication.Tests", "BeautyApplication.Tests\BeautyApplication.Tests.csproj", "{46DEB066-4240-429A-B533-722538C6AD01}"
EndProject
Global
	GlobalSection(SolutionConfigurationPlatforms) = preSolution
		Debug|Any CPU = Debug|Any CPU
		Release|Any CPU = Release|Any CPU
	EndGlobalSection
	GlobalSection(ProjectConfigurationPlatforms) = postSolution
		{AEF92B19-A0DB-4DEF-90A2-350EC4355054}.Debug|Any CPU.ActiveCfg = Debug|Any CPU
		{AEF92B19-A0DB-4DEF-90A2-350EC4355054}.Debug|Any CPU.Build.0 = Debug|Any CPU
		{AEF92B19-A0DB-4DEF-90A2-350EC4355054}.Release|Any CPU.ActiveCfg = Release|Any CPU
		{AEF92B19-A0DB-4DEF-90A2-350EC4355054}.Release|Any CPU.Build.0 = Release|Any CPU
		{46DEB066-4240-429A-B533-722538C6AD01}.Debug|Any CPU.ActiveCfg = Debug|Any CPU
		{46DEB066-4240-429A-B533-722538C6AD01}.Debug|Any CPU.Build.0 = Debug|Any CPU
		{46DEB066-4240-429A-B533-722538C6AD01}.Release|Any CPU.ActiveCfg = Release|Any CPU
		{46DEB066-4240-429A-B533-722538C6AD01}.Release|Any CPU.Build.0 = Release|Any CPU
	EndGlobalSection
	GlobalSection(SolutionProperties) = preSolution
		HideSolutionNode = FALSE
	EndGlobalSection
	GlobalSection(ExtensibilityGlobals) = postSolution
		SolutionGuid = {BFBF5CA3-43B5-48BC-BBEF-91E45D375016}
	EndGlobalSection
EndGlobal
